<?xml version="1.0" encoding="utf-8"?>
<Project ToolsVersion="4.0" xmlns="http://schemas.microsoft.com/developer/msbuild/2003">
  <ItemGroup>
    <Filter Include="Source Files">
      <UniqueIdentifier>{4FC737F1-C7A5-4376-A066-2A32D752A2FF}</UniqueIdentifier>
      <Extensions>cpp;c;cc;cxx;c++;cppm;ixx;def;odl;idl;hpj;bat;asm;asmx</Extensions>
    </Filter>
    <Filter Include="Header Files">
      <UniqueIdentifier>{93995380-89BD-4b04-88EB-625FBE52EBFB}</UniqueIdentifier>
      <Extensions>h;hh;hpp;hxx;h++;hm;inl;inc;ipp;xsd</Extensions>
    </Filter>
    <Filter Include="Resource Files">
      <UniqueIdentifier>{67DA6AB6-F800-4c08-8B7A-83BB121AAD01}</UniqueIdentifier>
      <Extensions>rc;ico;cur;bmp;dlg;rc2;rct;bin;rgs;gif;jpg;jpeg;jpe;resx;tiff;tif;png;wav;mfcribbon-ms</Extensions>
    </Filter>
    <Filter Include="Source Files\manual mapping">
      <UniqueIdentifier>{ea0fe4e3-5052-41a9-84ba-b9afa389b62d}</UniqueIdentifier>
    </Filter>
    <Filter Include="Source Files\LoadLibrary">
      <UniqueIdentifier>{aab891ff-f237-4c27-82ac-491c2e968eed}</UniqueIdentifier>
    </Filter>
    <Filter Include="Header Files\manual mapping">
      <UniqueIdentifier>{d0f9967f-0852-4e25-8342-f8a2022a25a6}</UniqueIdentifier>
    </Filter>
    <Filter Include="Header Files\LoadLibrary">
      <UniqueIdentifier>{4acde2de-b59e-461c-89fa-8456d2c45261}</UniqueIdentifier>
    </Filter>
  </ItemGroup>
  <ItemGroup>
    <ClCompile Include="main.cpp">
      <Filter>Source Files</Filter>
    </ClCompile>
    <ClCompile Include="pch.cpp">
      <Filter>Source Files</Filter>
    </ClCompile>
    <ClCompile Include="mMap.cpp">
      <Filter>Source Files\manual mapping</Filter>
    </ClCompile>
    <ClCompile Include="LoadLib.cpp">
      <Filter>Source Files\LoadLibrary</Filter>
    </ClCompile>
    <ClCompile Include="parsing.cpp">
      <Filter>Source Files\manual mapping</Filter>
    </ClCompile>
    <ClCompile Include="process.cpp">
      <Filter>Source Files\manual mapping</Filter>
    </ClCompile>
  </ItemGroup>
  <ItemGroup>
    <ClInclude Include="parsing.hpp">
      <Filter>Header Files\manual mapping</Filter>
    </ClInclude>
    <ClInclude Include="mMap.hpp">
      <Filter>Header Files\manual mapping</Filter>
    </ClInclude>
    <ClInclude Include="LoadLib.hpp">
      <Filter>Header Files\LoadLibrary</Filter>
    </ClInclude>
    <ClInclude Include="injector.hpp">
      <Filter>Header Files</Filter>
    </ClInclude>
    <ClInclude Include="pch.h">
      <Filter>Header Files</Filter>
    </ClInclude>
    <ClInclude Include="process.hpp">
      <Filter>Header Files\manual mapping</Filter>
    </ClInclude>
  </ItemGroup>
</Project>